
Microsoft Visual Studio Solution File, Format Version 12.00
# Visual Studio Version 17
VisualStudioVersion = 17.4.33122.133
MinimumVisualStudioVersion = 10.0.40219.1
Project("{9A19103F-16F7-4668-BE54-9A1E7A4F7556}") = "PruebaNeoris.Api", "PruebaNeoris.Api\PruebaNeoris.Api.csproj", "{C330F33D-18C9-4B10-A582-2BB4107D8D24}"
EndProject
Project("{9A19103F-16F7-4668-BE54-9A1E7A4F7556}") = "PruebaNeoris.Services", "PruebaNeoris.Services\PruebaNeoris.Services.csproj", "{A5CA4213-11F8-40C5-B4E6-F81B3DA87B2D}"
EndProject
Project("{9A19103F-16F7-4668-BE54-9A1E7A4F7556}") = "PruebaNeoris.Repository", "PruebaNeoris.Repository\PruebaNeoris.Repository.csproj", "{07AC2EC0-33F6-487C-899D-E4D9CD28362D}"
EndProject
Project("{9A19103F-16F7-4668-BE54-9A1E7A4F7556}") = "PruebaNeoris.Entities", "PruebaNeoris.Entities\PruebaNeoris.Entities.csproj", "{23151486-84D6-4549-9F40-3505D04DC3BC}"
EndProject
Project("{FAE04EC0-301F-11D3-BF4B-00C04F79EFBC}") = "PruebaNeoris.UnitTest", "PruebaNeoris.UnitTest\PruebaNeoris.UnitTest.csproj", "{653D905D-C68C-489B-B150-441FCB9674C1}"
EndProject
Global
	GlobalSection(SolutionConfigurationPlatforms) = preSolution
		Debug|Any CPU = Debug|Any CPU
		Release|Any CPU = Release|Any CPU
	EndGlobalSection
	GlobalSection(ProjectConfigurationPlatforms) = postSolution
		{C330F33D-18C9-4B10-A582-2BB4107D8D24}.Debug|Any CPU.ActiveCfg = Debug|Any CPU
		{C330F33D-18C9-4B10-A582-2BB4107D8D24}.Debug|Any CPU.Build.0 = Debug|Any CPU
		{C330F33D-18C9-4B10-A582-2BB4107D8D24}.Release|Any CPU.ActiveCfg = Release|Any CPU
		{C330F33D-18C9-4B10-A582-2BB4107D8D24}.Release|Any CPU.Build.0 = Release|Any CPU
		{A5CA4213-11F8-40C5-B4E6-F81B3DA87B2D}.Debug|Any CPU.ActiveCfg = Debug|Any CPU
		{A5CA4213-11F8-40C5-B4E6-F81B3DA87B2D}.Debug|Any CPU.Build.0 = Debug|Any CPU
		{A5CA4213-11F8-40C5-B4E6-F81B3DA87B2D}.Release|Any CPU.ActiveCfg = Release|Any CPU
		{A5CA4213-11F8-40C5-B4E6-F81B3DA87B2D}.Release|Any CPU.Build.0 = Release|Any CPU
		{07AC2EC0-33F6-487C-899D-E4D9CD28362D}.Debug|Any CPU.ActiveCfg = Debug|Any CPU
		{07AC2EC0-33F6-487C-899D-E4D9CD28362D}.Debug|Any CPU.Build.0 = Debug|Any CPU
		{07AC2EC0-33F6-487C-899D-E4D9CD28362D}.Release|Any CPU.ActiveCfg = Release|Any CPU
		{07AC2EC0-33F6-487C-899D-E4D9CD28362D}.Release|Any CPU.Build.0 = Release|Any CPU
		{23151486-84D6-4549-9F40-3505D04DC3BC}.Debug|Any CPU.ActiveCfg = Debug|Any CPU
		{23151486-84D6-4549-9F40-3505D04DC3BC}.Debug|Any CPU.Build.0 = Debug|Any CPU
		{23151486-84D6-4549-9F40-3505D04DC3BC}.Release|Any CPU.ActiveCfg = Release|Any CPU
		{23151486-84D6-4549-9F40-3505D04DC3BC}.Release|Any CPU.Build.0 = Release|Any CPU
		{653D905D-C68C-489B-B150-441FCB9674C1}.Debug|Any CPU.ActiveCfg = Debug|Any CPU
		{653D905D-C68C-489B-B150-441FCB9674C1}.Debug|Any CPU.Build.0 = Debug|Any CPU
		{653D905D-C68C-489B-B150-441FCB9674C1}.Release|Any CPU.ActiveCfg = Release|Any CPU
		{653D905D-C68C-489B-B150-441FCB9674C1}.Release|Any CPU.Build.0 = Release|Any CPU
	EndGlobalSection
	GlobalSection(SolutionProperties) = preSolution
		HideSolutionNode = FALSE
	EndGlobalSection
	GlobalSection(ExtensibilityGlobals) = postSolution
		SolutionGuid = {2730A4E8-D08D-40AB-B469-AA6D8912BCC9}
	EndGlobalSection
EndGlobal
